{
  "pins" : [
    {
      "identity" : "adfit-spm",
      "kind" : "remoteSourceControl",
      "location" : "https://github.com/adfit/adfit-spm",
      "state" : {
        "revision" : "31c7019d05140474793a8f77bbe4964dd0478c13",
        "version" : "3.18.3"
      }
    },
    {
      "identity" : "ios-ssp-mediation-spm",
      "kind" : "remoteSourceControl",
      "location" : "https://github.com/Nasmedia-Tech/iOS-SSP-Mediation-SPM.git",
      "state" : {
        "revision" : "3a2abd02f488483e72156913c669d477c39b9833",
        "version" : "2.1.7"
      }
    }
  ],
  "version" : 2
}
