{
  "pins" : [
    {
      "identity" : "adfit-spm",
      "kind" : "remoteSourceControl",
      "location" : "https://github.com/adfit/adfit-spm",
      "state" : {
        "revision" : "cde885bd4f48784b0e7b0bdfb10e31d03d0644d7",
        "version" : "3.14.5"
      }
    },
    {
      "identity" : "ios-ssp-mediation-spm",
      "kind" : "remoteSourceControl",
      "location" : "https://github.com/Nasmedia-Tech/iOS-SSP-Mediation-SPM.git",
      "state" : {
        "branch" : "main",
        "revision" : "d3e2a959616529649972088e898fe45d00476010"
      }
    }
  ],
  "version" : 2
}
