{
  "pins" : [
    {
      "identity" : "adfit-spm",
      "kind" : "remoteSourceControl",
      "location" : "https://github.com/adfit/adfit-spm",
      "state" : {
        "revision" : "cde885bd4f48784b0e7b0bdfb10e31d03d0644d7",
        "version" : "3.14.5"
      }
    },
    {
      "identity" : "ios-ssp-mediation-spm",
      "kind" : "remoteSourceControl",
      "location" : "https://github.com/Nasmedia-Tech/iOS-SSP-Mediation-SPM.git",
      "state" : {
        "revision" : "7d88a29230b46ebf7410678d5646649a6a0d7e52",
        "version" : "2.1.2"
      }
    }
  ],
  "version" : 2
}
